
Microsoft Visual Studio Solution File, Format Version 12.00
# Visual Studio Express 15 for Windows Desktop
VisualStudioVersion = 15.0.28307.572
MinimumVisualStudioVersion = 10.0.40219.1
Project("{FAE04EC0-301F-11D3-BF4B-00C04F79EFBC}") = "ConsoleApp1", "ConsoleApp1\ConsoleApp1.csproj", "{7B7D9FAA-A167-4D0D-B7A7-B4D068A5E232}"
EndProject
Global
	GlobalSection(SolutionConfigurationPlatforms) = preSolution
		Debug|Any CPU = Debug|Any CPU
		Release|Any CPU = Release|Any CPU
	EndGlobalSection
	GlobalSection(ProjectConfigurationPlatforms) = postSolution
		{7B7D9FAA-A167-4D0D-B7A7-B4D068A5E232}.Debug|Any CPU.ActiveCfg = Debug|Any CPU
		{7B7D9FAA-A167-4D0D-B7A7-B4D068A5E232}.Debug|Any CPU.Build.0 = Debug|Any CPU
		{7B7D9FAA-A167-4D0D-B7A7-B4D068A5E232}.Release|Any CPU.ActiveCfg = Release|Any CPU
		{7B7D9FAA-A167-4D0D-B7A7-B4D068A5E232}.Release|Any CPU.Build.0 = Release|Any CPU
	EndGlobalSection
	GlobalSection(SolutionProperties) = preSolution
		HideSolutionNode = FALSE
	EndGlobalSection
	GlobalSection(ExtensibilityGlobals) = postSolution
		SolutionGuid = {369FBB9E-D3EF-44B0-9DE5-85EA8577D6F9}
	EndGlobalSection
EndGlobal
