
Microsoft Visual Studio Solution File, Format Version 12.00
# Visual Studio Express 15 for Windows Desktop
VisualStudioVersion = 15.0.28307.572
MinimumVisualStudioVersion = 10.0.40219.1
Project("{FAE04EC0-301F-11D3-BF4B-00C04F79EFBC}") = "Ejercicio_4", "Ejercicio_4\Ejercicio_4.csproj", "{6FE1283C-7956-44F7-BB9E-8C380E8F53EB}"
EndProject
Global
	GlobalSection(SolutionConfigurationPlatforms) = preSolution
		Debug|Any CPU = Debug|Any CPU
		Release|Any CPU = Release|Any CPU
	EndGlobalSection
	GlobalSection(ProjectConfigurationPlatforms) = postSolution
		{6FE1283C-7956-44F7-BB9E-8C380E8F53EB}.Debug|Any CPU.ActiveCfg = Debug|Any CPU
		{6FE1283C-7956-44F7-BB9E-8C380E8F53EB}.Debug|Any CPU.Build.0 = Debug|Any CPU
		{6FE1283C-7956-44F7-BB9E-8C380E8F53EB}.Release|Any CPU.ActiveCfg = Release|Any CPU
		{6FE1283C-7956-44F7-BB9E-8C380E8F53EB}.Release|Any CPU.Build.0 = Release|Any CPU
	EndGlobalSection
	GlobalSection(SolutionProperties) = preSolution
		HideSolutionNode = FALSE
	EndGlobalSection
	GlobalSection(ExtensibilityGlobals) = postSolution
		SolutionGuid = {EE44C170-D580-40B2-A778-8BE4673CD3A2}
	EndGlobalSection
EndGlobal
